
Microsoft Visual Studio Solution File, Format Version 12.00
# Visual Studio Version 17
VisualStudioVersion = 17.8.34408.163
MinimumVisualStudioVersion = 10.0.40219.1
Project("{FAE04EC0-301F-11D3-BF4B-00C04F79EFBC}") = "BooksAPI", "BooksAPI\BooksAPI.csproj", "{80457CB6-A142-46CD-BA79-72205179173F}"
EndProject
Global
	GlobalSection(SolutionConfigurationPlatforms) = preSolution
		Debug|Any CPU = Debug|Any CPU
		Release|Any CPU = Release|Any CPU
	EndGlobalSection
	GlobalSection(ProjectConfigurationPlatforms) = postSolution
		{80457CB6-A142-46CD-BA79-72205179173F}.Debug|Any CPU.ActiveCfg = Debug|Any CPU
		{80457CB6-A142-46CD-BA79-72205179173F}.Debug|Any CPU.Build.0 = Debug|Any CPU
		{80457CB6-A142-46CD-BA79-72205179173F}.Release|Any CPU.ActiveCfg = Release|Any CPU
		{80457CB6-A142-46CD-BA79-72205179173F}.Release|Any CPU.Build.0 = Release|Any CPU
	EndGlobalSection
	GlobalSection(SolutionProperties) = preSolution
		HideSolutionNode = FALSE
	EndGlobalSection
	GlobalSection(ExtensibilityGlobals) = postSolution
		SolutionGuid = {3F380D0E-5E9D-4BF8-8411-0E9A69CBBBEC}
	EndGlobalSection
EndGlobal
